
Microsoft Visual Studio Solution File, Format Version 12.00
# Visual Studio Version 16
VisualStudioVersion = 16.0.29102.190
MinimumVisualStudioVersion = 10.0.40219.1
Project("{FAE04EC0-301F-11D3-BF4B-00C04F79EFBC}") = "WebApplication.WebApi", "WebApplication\WebApplication.WebApi.csproj", "{4DD1E49B-AA8F-43D8-91BF-B79A05E9E170}"
EndProject
Project("{2150E333-8FDC-42A3-9474-1A3956D46DE8}") = "Application", "Application", "{7931E5F7-EE84-4693-90A7-8D361B5D37C0}"
EndProject
Project("{2150E333-8FDC-42A3-9474-1A3956D46DE8}") = "Api", "Api", "{45DD21C8-08C4-424E-9865-D892A6A0C467}"
EndProject
Project("{FAE04EC0-301F-11D3-BF4B-00C04F79EFBC}") = "DependencyInjection", "DependencyInjection\DependencyInjection.csproj", "{A52BF660-9040-409C-894D-FD5E06E613D7}"
EndProject
Project("{FAE04EC0-301F-11D3-BF4B-00C04F79EFBC}") = "Domain", "Domain\Domain.csproj", "{093A48BC-8B80-4D78-ADC2-668736A5D4C4}"
EndProject
Project("{FAE04EC0-301F-11D3-BF4B-00C04F79EFBC}") = "DomainServices", "DomainServices\DomainServices.csproj", "{9AEBB34B-E8BF-49EB-98B7-04265B4BC03D}"
EndProject
Project("{FAE04EC0-301F-11D3-BF4B-00C04F79EFBC}") = "Infrastructure", "Infrastructure\Infrastructure.csproj", "{01F6F9C1-C54D-4B1D-87BA-D89F1A1CB1BF}"
EndProject
Project("{FAE04EC0-301F-11D3-BF4B-00C04F79EFBC}") = "InfrastructureServices", "InfrastructureServices\InfrastructureServices.csproj", "{A171710B-B0A7-442A-B638-668A0D178C53}"
EndProject
Global
	GlobalSection(SolutionConfigurationPlatforms) = preSolution
		Debug|Any CPU = Debug|Any CPU
		Release|Any CPU = Release|Any CPU
	EndGlobalSection
	GlobalSection(ProjectConfigurationPlatforms) = postSolution
		{4DD1E49B-AA8F-43D8-91BF-B79A05E9E170}.Debug|Any CPU.ActiveCfg = Debug|Any CPU
		{4DD1E49B-AA8F-43D8-91BF-B79A05E9E170}.Debug|Any CPU.Build.0 = Debug|Any CPU
		{4DD1E49B-AA8F-43D8-91BF-B79A05E9E170}.Release|Any CPU.ActiveCfg = Release|Any CPU
		{4DD1E49B-AA8F-43D8-91BF-B79A05E9E170}.Release|Any CPU.Build.0 = Release|Any CPU
		{A52BF660-9040-409C-894D-FD5E06E613D7}.Debug|Any CPU.ActiveCfg = Debug|Any CPU
		{A52BF660-9040-409C-894D-FD5E06E613D7}.Debug|Any CPU.Build.0 = Debug|Any CPU
		{A52BF660-9040-409C-894D-FD5E06E613D7}.Release|Any CPU.ActiveCfg = Release|Any CPU
		{A52BF660-9040-409C-894D-FD5E06E613D7}.Release|Any CPU.Build.0 = Release|Any CPU
		{093A48BC-8B80-4D78-ADC2-668736A5D4C4}.Debug|Any CPU.ActiveCfg = Debug|Any CPU
		{093A48BC-8B80-4D78-ADC2-668736A5D4C4}.Debug|Any CPU.Build.0 = Debug|Any CPU
		{093A48BC-8B80-4D78-ADC2-668736A5D4C4}.Release|Any CPU.ActiveCfg = Release|Any CPU
		{093A48BC-8B80-4D78-ADC2-668736A5D4C4}.Release|Any CPU.Build.0 = Release|Any CPU
		{9AEBB34B-E8BF-49EB-98B7-04265B4BC03D}.Debug|Any CPU.ActiveCfg = Debug|Any CPU
		{9AEBB34B-E8BF-49EB-98B7-04265B4BC03D}.Debug|Any CPU.Build.0 = Debug|Any CPU
		{9AEBB34B-E8BF-49EB-98B7-04265B4BC03D}.Release|Any CPU.ActiveCfg = Release|Any CPU
		{9AEBB34B-E8BF-49EB-98B7-04265B4BC03D}.Release|Any CPU.Build.0 = Release|Any CPU
		{01F6F9C1-C54D-4B1D-87BA-D89F1A1CB1BF}.Debug|Any CPU.ActiveCfg = Debug|Any CPU
		{01F6F9C1-C54D-4B1D-87BA-D89F1A1CB1BF}.Debug|Any CPU.Build.0 = Debug|Any CPU
		{01F6F9C1-C54D-4B1D-87BA-D89F1A1CB1BF}.Release|Any CPU.ActiveCfg = Release|Any CPU
		{01F6F9C1-C54D-4B1D-87BA-D89F1A1CB1BF}.Release|Any CPU.Build.0 = Release|Any CPU
		{A171710B-B0A7-442A-B638-668A0D178C53}.Debug|Any CPU.ActiveCfg = Debug|Any CPU
		{A171710B-B0A7-442A-B638-668A0D178C53}.Debug|Any CPU.Build.0 = Debug|Any CPU
		{A171710B-B0A7-442A-B638-668A0D178C53}.Release|Any CPU.ActiveCfg = Release|Any CPU
		{A171710B-B0A7-442A-B638-668A0D178C53}.Release|Any CPU.Build.0 = Release|Any CPU
	EndGlobalSection
	GlobalSection(SolutionProperties) = preSolution
		HideSolutionNode = FALSE
	EndGlobalSection
	GlobalSection(NestedProjects) = preSolution
		{4DD1E49B-AA8F-43D8-91BF-B79A05E9E170} = {45DD21C8-08C4-424E-9865-D892A6A0C467}
		{45DD21C8-08C4-424E-9865-D892A6A0C467} = {7931E5F7-EE84-4693-90A7-8D361B5D37C0}
	EndGlobalSection
	GlobalSection(ExtensibilityGlobals) = postSolution
		SolutionGuid = {B91C655E-4083-4626-8826-650E96B20EC1}
	EndGlobalSection
EndGlobal
